
Microsoft Visual Studio Solution File, Format Version 12.00
# Visual Studio Version 16
VisualStudioVersion = 16.0.29613.14
MinimumVisualStudioVersion = 10.0.40219.1
Project("{9A19103F-16F7-4668-BE54-9A1E7A4F7556}") = "BoxOfT", "GenericsLab\BoxOfT.csproj", "{A7187F88-249C-44C4-A47A-3B46143F8EC9}"
EndProject
Project("{FAE04EC0-301F-11D3-BF4B-00C04F79EFBC}") = "GenericArrayCreator", "ArrayCreator\GenericArrayCreator.csproj", "{7059C708-2DF8-46A4-B1C2-3D0408B1B204}"
EndProject
Project("{FAE04EC0-301F-11D3-BF4B-00C04F79EFBC}") = "GenericScale", "GenericScale\GenericScale.csproj", "{7291177C-02C8-4C22-9946-3A156A589B10}"
EndProject
Global
	GlobalSection(SolutionConfigurationPlatforms) = preSolution
		Debug|Any CPU = Debug|Any CPU
		Release|Any CPU = Release|Any CPU
	EndGlobalSection
	GlobalSection(ProjectConfigurationPlatforms) = postSolution
		{A7187F88-249C-44C4-A47A-3B46143F8EC9}.Debug|Any CPU.ActiveCfg = Debug|Any CPU
		{A7187F88-249C-44C4-A47A-3B46143F8EC9}.Debug|Any CPU.Build.0 = Debug|Any CPU
		{A7187F88-249C-44C4-A47A-3B46143F8EC9}.Release|Any CPU.ActiveCfg = Release|Any CPU
		{A7187F88-249C-44C4-A47A-3B46143F8EC9}.Release|Any CPU.Build.0 = Release|Any CPU
		{7059C708-2DF8-46A4-B1C2-3D0408B1B204}.Debug|Any CPU.ActiveCfg = Debug|Any CPU
		{7059C708-2DF8-46A4-B1C2-3D0408B1B204}.Debug|Any CPU.Build.0 = Debug|Any CPU
		{7059C708-2DF8-46A4-B1C2-3D0408B1B204}.Release|Any CPU.ActiveCfg = Release|Any CPU
		{7059C708-2DF8-46A4-B1C2-3D0408B1B204}.Release|Any CPU.Build.0 = Release|Any CPU
		{7291177C-02C8-4C22-9946-3A156A589B10}.Debug|Any CPU.ActiveCfg = Debug|Any CPU
		{7291177C-02C8-4C22-9946-3A156A589B10}.Debug|Any CPU.Build.0 = Debug|Any CPU
		{7291177C-02C8-4C22-9946-3A156A589B10}.Release|Any CPU.ActiveCfg = Release|Any CPU
		{7291177C-02C8-4C22-9946-3A156A589B10}.Release|Any CPU.Build.0 = Release|Any CPU
	EndGlobalSection
	GlobalSection(SolutionProperties) = preSolution
		HideSolutionNode = FALSE
	EndGlobalSection
	GlobalSection(ExtensibilityGlobals) = postSolution
		SolutionGuid = {B318C201-3A79-4FD0-96EF-ADC906D72C53}
	EndGlobalSection
EndGlobal
